
Microsoft Visual Studio Solution File, Format Version 12.00
# Visual Studio Version 16
VisualStudioVersion = 16.0.31205.134
MinimumVisualStudioVersion = 10.0.40219.1
Project("{FAE04EC0-301F-11D3-BF4B-00C04F79EFBC}") = "Labs", "Labs\Labs.csproj", "{9AB8491A-EB41-4BE4-AAEF-21D79781B9B7}"
EndProject
Project("{FAE04EC0-301F-11D3-BF4B-00C04F79EFBC}") = "Lab1", "Lab1\Lab1.csproj", "{89F0E9FD-1142-47C8-8494-3DCDF310963F}"
EndProject
Global
	GlobalSection(SolutionConfigurationPlatforms) = preSolution
		Debug|Any CPU = Debug|Any CPU
		Release|Any CPU = Release|Any CPU
	EndGlobalSection
	GlobalSection(ProjectConfigurationPlatforms) = postSolution
		{9AB8491A-EB41-4BE4-AAEF-21D79781B9B7}.Debug|Any CPU.ActiveCfg = Debug|Any CPU
		{9AB8491A-EB41-4BE4-AAEF-21D79781B9B7}.Debug|Any CPU.Build.0 = Debug|Any CPU
		{9AB8491A-EB41-4BE4-AAEF-21D79781B9B7}.Release|Any CPU.ActiveCfg = Release|Any CPU
		{9AB8491A-EB41-4BE4-AAEF-21D79781B9B7}.Release|Any CPU.Build.0 = Release|Any CPU
		{89F0E9FD-1142-47C8-8494-3DCDF310963F}.Debug|Any CPU.ActiveCfg = Debug|Any CPU
		{89F0E9FD-1142-47C8-8494-3DCDF310963F}.Debug|Any CPU.Build.0 = Debug|Any CPU
		{89F0E9FD-1142-47C8-8494-3DCDF310963F}.Release|Any CPU.ActiveCfg = Release|Any CPU
		{89F0E9FD-1142-47C8-8494-3DCDF310963F}.Release|Any CPU.Build.0 = Release|Any CPU
	EndGlobalSection
	GlobalSection(SolutionProperties) = preSolution
		HideSolutionNode = FALSE
	EndGlobalSection
	GlobalSection(ExtensibilityGlobals) = postSolution
		SolutionGuid = {C6B2E27B-FA95-4F37-A40B-FFBE1499963E}
	EndGlobalSection
EndGlobal
